
Microsoft Visual Studio Solution File, Format Version 12.00
# Visual Studio Version 17
VisualStudioVersion = 17.0.32002.185
MinimumVisualStudioVersion = 10.0.40219.1
Project("{9A19103F-16F7-4668-BE54-9A1E7A4F7556}") = "MicroserviceAdvisor.Client", "MicroserviceAdvisor\Client\MicroserviceAdvisor.Client.csproj", "{060EFA38-016E-45E9-981A-2D2F44657F2B}"
EndProject
Project("{9A19103F-16F7-4668-BE54-9A1E7A4F7556}") = "MicroserviceAdvisor.Server", "MicroserviceAdvisor\Server\MicroserviceAdvisor.Server.csproj", "{40A914E3-8D0F-470C-AC72-CD102F38E767}"
EndProject
Project("{2150E333-8FDC-42A3-9474-1A3956D46DE8}") = "Solution Items", "Solution Items", "{E43261EC-05E1-48C8-BE25-617A7E667A06}"
EndProject
Project("{9A19103F-16F7-4668-BE54-9A1E7A4F7556}") = "MicroserviceAdvisor.Shared", "MicroserviceAdvisor\Shared\MicroserviceAdvisor.Shared.csproj", "{8DD9AC50-442A-45FB-9EDA-B383CFBE1E14}"
EndProject
Global
	GlobalSection(SolutionConfigurationPlatforms) = preSolution
		Debug|Any CPU = Debug|Any CPU
		Release|Any CPU = Release|Any CPU
	EndGlobalSection
	GlobalSection(ProjectConfigurationPlatforms) = postSolution
		{060EFA38-016E-45E9-981A-2D2F44657F2B}.Debug|Any CPU.ActiveCfg = Debug|Any CPU
		{060EFA38-016E-45E9-981A-2D2F44657F2B}.Debug|Any CPU.Build.0 = Debug|Any CPU
		{060EFA38-016E-45E9-981A-2D2F44657F2B}.Release|Any CPU.ActiveCfg = Release|Any CPU
		{060EFA38-016E-45E9-981A-2D2F44657F2B}.Release|Any CPU.Build.0 = Release|Any CPU
		{40A914E3-8D0F-470C-AC72-CD102F38E767}.Debug|Any CPU.ActiveCfg = Debug|Any CPU
		{40A914E3-8D0F-470C-AC72-CD102F38E767}.Debug|Any CPU.Build.0 = Debug|Any CPU
		{40A914E3-8D0F-470C-AC72-CD102F38E767}.Release|Any CPU.ActiveCfg = Release|Any CPU
		{40A914E3-8D0F-470C-AC72-CD102F38E767}.Release|Any CPU.Build.0 = Release|Any CPU
		{8DD9AC50-442A-45FB-9EDA-B383CFBE1E14}.Debug|Any CPU.ActiveCfg = Debug|Any CPU
		{8DD9AC50-442A-45FB-9EDA-B383CFBE1E14}.Debug|Any CPU.Build.0 = Debug|Any CPU
		{8DD9AC50-442A-45FB-9EDA-B383CFBE1E14}.Release|Any CPU.ActiveCfg = Release|Any CPU
		{8DD9AC50-442A-45FB-9EDA-B383CFBE1E14}.Release|Any CPU.Build.0 = Release|Any CPU
	EndGlobalSection
	GlobalSection(SolutionProperties) = preSolution
		HideSolutionNode = FALSE
	EndGlobalSection
	GlobalSection(ExtensibilityGlobals) = postSolution
		SolutionGuid = {D51186A5-1E4D-4585-A9D5-ED5F5C26D389}
	EndGlobalSection
EndGlobal
